
Microsoft Visual Studio Solution File, Format Version 12.00
# Visual Studio Version 16
VisualStudioVersion = 16.0.29509.3
MinimumVisualStudioVersion = 10.0.40219.1
Project("{9A19103F-16F7-4668-BE54-9A1E7A4F7556}") = "Data", "..\schema\Data\Data.csproj", "{C4C3F5D0-2D5E-49AF-BE48-B833E7EC542B}"
EndProject
Project("{9A19103F-16F7-4668-BE54-9A1E7A4F7556}") = "Core", "..\schema\Core\Core.csproj", "{856D0A3C-B6CF-4C77-9187-59A4158BB380}"
EndProject
Project("{9A19103F-16F7-4668-BE54-9A1E7A4F7556}") = "Admin", "Admin\Admin.csproj", "{0AA4E46A-D3B9-4C2C-A3A0-D65940D8E5DB}"
EndProject
Project("{2150E333-8FDC-42A3-9474-1A3956D46DE8}") = "Services", "Services", "{6536D9C8-8596-4E3C-90EC-54916B549DED}"
EndProject
Project("{2150E333-8FDC-42A3-9474-1A3956D46DE8}") = "Schema", "Schema", "{76B75020-90B8-4564-9D28-65FB9441B1D2}"
EndProject
Project("{9A19103F-16F7-4668-BE54-9A1E7A4F7556}") = "Storage", "Storage\Storage.csproj", "{68FBD4F7-5E58-4CE1-83CF-053D5951AE12}"
EndProject
Project("{FAE04EC0-301F-11D3-BF4B-00C04F79EFBC}") = "Payment", "Payment\Payment.csproj", "{D40F1A18-9EA3-4673-8629-BE6F7D69B0FE}"
EndProject
Project("{FAE04EC0-301F-11D3-BF4B-00C04F79EFBC}") = "Test", "..\schema\Test\Test.csproj", "{BB3D3B14-BB13-4A76-8344-5A0B42EF8154}"
EndProject
Project("{FAE04EC0-301F-11D3-BF4B-00C04F79EFBC}") = "Test", "Test\Test.csproj", "{4AA8025B-5A10-47B3-BFA0-CB5F94424DA1}"
EndProject
Project("{FAE04EC0-301F-11D3-BF4B-00C04F79EFBC}") = "Streaming", "Streaming\Streaming.csproj", "{94CA41DE-BC68-4191-BC77-A8AF1300110F}"
EndProject
Global
	GlobalSection(SolutionConfigurationPlatforms) = preSolution
		Debug|Any CPU = Debug|Any CPU
		Release|Any CPU = Release|Any CPU
	EndGlobalSection
	GlobalSection(ProjectConfigurationPlatforms) = postSolution
		{C4C3F5D0-2D5E-49AF-BE48-B833E7EC542B}.Debug|Any CPU.ActiveCfg = Debug|Any CPU
		{C4C3F5D0-2D5E-49AF-BE48-B833E7EC542B}.Debug|Any CPU.Build.0 = Debug|Any CPU
		{C4C3F5D0-2D5E-49AF-BE48-B833E7EC542B}.Release|Any CPU.ActiveCfg = Release|Any CPU
		{C4C3F5D0-2D5E-49AF-BE48-B833E7EC542B}.Release|Any CPU.Build.0 = Release|Any CPU
		{856D0A3C-B6CF-4C77-9187-59A4158BB380}.Debug|Any CPU.ActiveCfg = Debug|Any CPU
		{856D0A3C-B6CF-4C77-9187-59A4158BB380}.Debug|Any CPU.Build.0 = Debug|Any CPU
		{856D0A3C-B6CF-4C77-9187-59A4158BB380}.Release|Any CPU.ActiveCfg = Release|Any CPU
		{856D0A3C-B6CF-4C77-9187-59A4158BB380}.Release|Any CPU.Build.0 = Release|Any CPU
		{0AA4E46A-D3B9-4C2C-A3A0-D65940D8E5DB}.Debug|Any CPU.ActiveCfg = Debug|Any CPU
		{0AA4E46A-D3B9-4C2C-A3A0-D65940D8E5DB}.Debug|Any CPU.Build.0 = Debug|Any CPU
		{0AA4E46A-D3B9-4C2C-A3A0-D65940D8E5DB}.Release|Any CPU.ActiveCfg = Release|Any CPU
		{0AA4E46A-D3B9-4C2C-A3A0-D65940D8E5DB}.Release|Any CPU.Build.0 = Release|Any CPU
		{68FBD4F7-5E58-4CE1-83CF-053D5951AE12}.Debug|Any CPU.ActiveCfg = Debug|Any CPU
		{68FBD4F7-5E58-4CE1-83CF-053D5951AE12}.Debug|Any CPU.Build.0 = Debug|Any CPU
		{68FBD4F7-5E58-4CE1-83CF-053D5951AE12}.Release|Any CPU.ActiveCfg = Release|Any CPU
		{68FBD4F7-5E58-4CE1-83CF-053D5951AE12}.Release|Any CPU.Build.0 = Release|Any CPU
		{D40F1A18-9EA3-4673-8629-BE6F7D69B0FE}.Debug|Any CPU.ActiveCfg = Debug|Any CPU
		{D40F1A18-9EA3-4673-8629-BE6F7D69B0FE}.Debug|Any CPU.Build.0 = Debug|Any CPU
		{D40F1A18-9EA3-4673-8629-BE6F7D69B0FE}.Release|Any CPU.ActiveCfg = Release|Any CPU
		{D40F1A18-9EA3-4673-8629-BE6F7D69B0FE}.Release|Any CPU.Build.0 = Release|Any CPU
		{BB3D3B14-BB13-4A76-8344-5A0B42EF8154}.Debug|Any CPU.ActiveCfg = Debug|Any CPU
		{BB3D3B14-BB13-4A76-8344-5A0B42EF8154}.Debug|Any CPU.Build.0 = Debug|Any CPU
		{BB3D3B14-BB13-4A76-8344-5A0B42EF8154}.Release|Any CPU.ActiveCfg = Release|Any CPU
		{BB3D3B14-BB13-4A76-8344-5A0B42EF8154}.Release|Any CPU.Build.0 = Release|Any CPU
		{4AA8025B-5A10-47B3-BFA0-CB5F94424DA1}.Debug|Any CPU.ActiveCfg = Debug|Any CPU
		{4AA8025B-5A10-47B3-BFA0-CB5F94424DA1}.Debug|Any CPU.Build.0 = Debug|Any CPU
		{4AA8025B-5A10-47B3-BFA0-CB5F94424DA1}.Release|Any CPU.ActiveCfg = Release|Any CPU
		{4AA8025B-5A10-47B3-BFA0-CB5F94424DA1}.Release|Any CPU.Build.0 = Release|Any CPU
		{94CA41DE-BC68-4191-BC77-A8AF1300110F}.Debug|Any CPU.ActiveCfg = Debug|Any CPU
		{94CA41DE-BC68-4191-BC77-A8AF1300110F}.Debug|Any CPU.Build.0 = Debug|Any CPU
		{94CA41DE-BC68-4191-BC77-A8AF1300110F}.Release|Any CPU.ActiveCfg = Release|Any CPU
		{94CA41DE-BC68-4191-BC77-A8AF1300110F}.Release|Any CPU.Build.0 = Release|Any CPU
	EndGlobalSection
	GlobalSection(SolutionProperties) = preSolution
		HideSolutionNode = FALSE
	EndGlobalSection
	GlobalSection(NestedProjects) = preSolution
		{C4C3F5D0-2D5E-49AF-BE48-B833E7EC542B} = {76B75020-90B8-4564-9D28-65FB9441B1D2}
		{856D0A3C-B6CF-4C77-9187-59A4158BB380} = {76B75020-90B8-4564-9D28-65FB9441B1D2}
		{0AA4E46A-D3B9-4C2C-A3A0-D65940D8E5DB} = {6536D9C8-8596-4E3C-90EC-54916B549DED}
		{68FBD4F7-5E58-4CE1-83CF-053D5951AE12} = {6536D9C8-8596-4E3C-90EC-54916B549DED}
		{D40F1A18-9EA3-4673-8629-BE6F7D69B0FE} = {6536D9C8-8596-4E3C-90EC-54916B549DED}
		{BB3D3B14-BB13-4A76-8344-5A0B42EF8154} = {76B75020-90B8-4564-9D28-65FB9441B1D2}
		{4AA8025B-5A10-47B3-BFA0-CB5F94424DA1} = {6536D9C8-8596-4E3C-90EC-54916B549DED}
		{94CA41DE-BC68-4191-BC77-A8AF1300110F} = {6536D9C8-8596-4E3C-90EC-54916B549DED}
	EndGlobalSection
	GlobalSection(ExtensibilityGlobals) = postSolution
		SolutionGuid = {47449322-3384-4A8C-9D04-F2F64B366A0F}
	EndGlobalSection
EndGlobal
