
Microsoft Visual Studio Solution File, Format Version 12.00
# Visual Studio Version 17
VisualStudioVersion = 17.8.34330.188
MinimumVisualStudioVersion = 10.0.40219.1
Project("{9A19103F-16F7-4668-BE54-9A1E7A4F7556}") = "Data", "..\schema\Data\Data.csproj", "{C4C3F5D0-2D5E-49AF-BE48-B833E7EC542B}"
EndProject
Project("{9A19103F-16F7-4668-BE54-9A1E7A4F7556}") = "Core", "..\schema\Core\Core.csproj", "{856D0A3C-B6CF-4C77-9187-59A4158BB380}"
EndProject
Project("{9A19103F-16F7-4668-BE54-9A1E7A4F7556}") = "Admin", "Admin\Admin.csproj", "{0AA4E46A-D3B9-4C2C-A3A0-D65940D8E5DB}"
EndProject
Project("{2150E333-8FDC-42A3-9474-1A3956D46DE8}") = "Services", "Services", "{6536D9C8-8596-4E3C-90EC-54916B549DED}"
EndProject
Project("{2150E333-8FDC-42A3-9474-1A3956D46DE8}") = "Schema", "Schema", "{76B75020-90B8-4564-9D28-65FB9441B1D2}"
EndProject
Global
	GlobalSection(SolutionConfigurationPlatforms) = preSolution
		Debug|Any CPU = Debug|Any CPU
		Release|Any CPU = Release|Any CPU
	EndGlobalSection
	GlobalSection(ProjectConfigurationPlatforms) = postSolution
		{C4C3F5D0-2D5E-49AF-BE48-B833E7EC542B}.Debug|Any CPU.ActiveCfg = Debug|Any CPU
		{C4C3F5D0-2D5E-49AF-BE48-B833E7EC542B}.Debug|Any CPU.Build.0 = Debug|Any CPU
		{C4C3F5D0-2D5E-49AF-BE48-B833E7EC542B}.Release|Any CPU.ActiveCfg = Release|Any CPU
		{C4C3F5D0-2D5E-49AF-BE48-B833E7EC542B}.Release|Any CPU.Build.0 = Release|Any CPU
		{856D0A3C-B6CF-4C77-9187-59A4158BB380}.Debug|Any CPU.ActiveCfg = Debug|Any CPU
		{856D0A3C-B6CF-4C77-9187-59A4158BB380}.Debug|Any CPU.Build.0 = Debug|Any CPU
		{856D0A3C-B6CF-4C77-9187-59A4158BB380}.Release|Any CPU.ActiveCfg = Release|Any CPU
		{856D0A3C-B6CF-4C77-9187-59A4158BB380}.Release|Any CPU.Build.0 = Release|Any CPU
		{0AA4E46A-D3B9-4C2C-A3A0-D65940D8E5DB}.Debug|Any CPU.ActiveCfg = Debug|Any CPU
		{0AA4E46A-D3B9-4C2C-A3A0-D65940D8E5DB}.Debug|Any CPU.Build.0 = Debug|Any CPU
		{0AA4E46A-D3B9-4C2C-A3A0-D65940D8E5DB}.Release|Any CPU.ActiveCfg = Release|Any CPU
		{0AA4E46A-D3B9-4C2C-A3A0-D65940D8E5DB}.Release|Any CPU.Build.0 = Release|Any CPU
	EndGlobalSection
	GlobalSection(SolutionProperties) = preSolution
		HideSolutionNode = FALSE
	EndGlobalSection
	GlobalSection(NestedProjects) = preSolution
		{C4C3F5D0-2D5E-49AF-BE48-B833E7EC542B} = {76B75020-90B8-4564-9D28-65FB9441B1D2}
		{856D0A3C-B6CF-4C77-9187-59A4158BB380} = {76B75020-90B8-4564-9D28-65FB9441B1D2}
		{0AA4E46A-D3B9-4C2C-A3A0-D65940D8E5DB} = {6536D9C8-8596-4E3C-90EC-54916B549DED}
	EndGlobalSection
	GlobalSection(ExtensibilityGlobals) = postSolution
		SolutionGuid = {47449322-3384-4A8C-9D04-F2F64B366A0F}
	EndGlobalSection
EndGlobal
